// !$*UTF8*$!
{
	archiveVersion = 1;
	classes = {
	};
	objectVersion = 56;
	objects = {

/* Begin PBXBuildFile section */
		43A6063429642728004611E3 /* WeatherAppApp.swift in Sources */ = {isa = PBXBuildFile; fileRef = 43A6063329642728004611E3 /* WeatherAppApp.swift */; };
		43A6063629642728004611E3 /* ContentView.swift in Sources */ = {isa = PBXBuildFile; fileRef = 43A6063529642728004611E3 /* ContentView.swift */; };
		43A6063829642729004611E3 /* Assets.xcassets in Resources */ = {isa = PBXBuildFile; fileRef = 43A6063729642729004611E3 /* Assets.xcassets */; };
		43A6063B29642729004611E3 /* Preview Assets.xcassets in Resources */ = {isa = PBXBuildFile; fileRef = 43A6063A29642729004611E3 /* Preview Assets.xcassets */; };
		43A6064229642742004611E3 /* Assets.xcassets in Resources */ = {isa = PBXBuildFile; fileRef = 43A6064129642742004611E3 /* Assets.xcassets */; };
		43A60649296427A1004611E3 /* MainView.swift in Sources */ = {isa = PBXBuildFile; fileRef = 43A60648296427A1004611E3 /* MainView.swift */; };
		43A6064B29642DE8004611E3 /* SearchComponent.swift in Sources */ = {isa = PBXBuildFile; fileRef = 43A6064A29642DE8004611E3 /* SearchComponent.swift */; };
		43A6064E2964448C004611E3 /* UrlConstants.swift in Sources */ = {isa = PBXBuildFile; fileRef = 43A6064D2964448C004611E3 /* UrlConstants.swift */; };
		43A6067129644A1C004611E3 /* Extensions.swift in Sources */ = {isa = PBXBuildFile; fileRef = 43A6067029644A1C004611E3 /* Extensions.swift */; };
		43A6067329644AE7004611E3 /* WeatherModel.swift in Sources */ = {isa = PBXBuildFile; fileRef = 43A6067229644AE7004611E3 /* WeatherModel.swift */; };
		43A6067529644CB7004611E3 /* NetworkingHandler.swift in Sources */ = {isa = PBXBuildFile; fileRef = 43A6067429644CB7004611E3 /* NetworkingHandler.swift */; };
		43A6067729644DFC004611E3 /* WeatherViewModel.swift in Sources */ = {isa = PBXBuildFile; fileRef = 43A6067629644DFC004611E3 /* WeatherViewModel.swift */; };
		43A6067A29645645004611E3 /* LocationManager.swift in Sources */ = {isa = PBXBuildFile; fileRef = 43A6067929645645004611E3 /* LocationManager.swift */; };
/* End PBXBuildFile section */

/* Begin PBXFileReference section */
		43A6063029642728004611E3 /* WeatherApp.app */ = {isa = PBXFileReference; explicitFileType = wrapper.application; includeInIndex = 0; path = WeatherApp.app; sourceTree = BUILT_PRODUCTS_DIR; };
		43A6063329642728004611E3 /* WeatherAppApp.swift */ = {isa = PBXFileReference; lastKnownFileType = sourcecode.swift; path = WeatherAppApp.swift; sourceTree = "<group>"; };
		43A6063529642728004611E3 /* ContentView.swift */ = {isa = PBXFileReference; lastKnownFileType = sourcecode.swift; path = ContentView.swift; sourceTree = "<group>"; };
		43A6063729642729004611E3 /* Assets.xcassets */ = {isa = PBXFileReference; lastKnownFileType = folder.assetcatalog; path = Assets.xcassets; sourceTree = "<group>"; };
		43A6063A29642729004611E3 /* Preview Assets.xcassets */ = {isa = PBXFileReference; lastKnownFileType = folder.assetcatalog; path = "Preview Assets.xcassets"; sourceTree = "<group>"; };
		43A6064129642742004611E3 /* Assets.xcassets */ = {isa = PBXFileReference; lastKnownFileType = folder.assetcatalog; name = Assets.xcassets; path = "../../../../../Downloads/Clima-iOS13-master/Clima/Assets.xcassets"; sourceTree = "<group>"; };
		43A60648296427A1004611E3 /* MainView.swift */ = {isa = PBXFileReference; lastKnownFileType = sourcecode.swift; path = MainView.swift; sourceTree = "<group>"; };
		43A6064A29642DE8004611E3 /* SearchComponent.swift */ = {isa = PBXFileReference; lastKnownFileType = sourcecode.swift; path = SearchComponent.swift; sourceTree = "<group>"; };
		43A6064D2964448C004611E3 /* UrlConstants.swift */ = {isa = PBXFileReference; lastKnownFileType = sourcecode.swift; path = UrlConstants.swift; sourceTree = "<group>"; };
		43A6067029644A1C004611E3 /* Extensions.swift */ = {isa = PBXFileReference; lastKnownFileType = sourcecode.swift; path = Extensions.swift; sourceTree = "<group>"; };
		43A6067229644AE7004611E3 /* WeatherModel.swift */ = {isa = PBXFileReference; lastKnownFileType = sourcecode.swift; path = WeatherModel.swift; sourceTree = "<group>"; };
		43A6067429644CB7004611E3 /* NetworkingHandler.swift */ = {isa = PBXFileReference; lastKnownFileType = sourcecode.swift; path = NetworkingHandler.swift; sourceTree = "<group>"; };
		43A6067629644DFC004611E3 /* WeatherViewModel.swift */ = {isa = PBXFileReference; lastKnownFileType = sourcecode.swift; path = WeatherViewModel.swift; sourceTree = "<group>"; };
		43A6067929645645004611E3 /* LocationManager.swift */ = {isa = PBXFileReference; lastKnownFileType = sourcecode.swift; path = LocationManager.swift; sourceTree = "<group>"; };
/* End PBXFileReference section */

/* Begin PBXFrameworksBuildPhase section */
		43A6062D29642728004611E3 /* Frameworks */ = {
			isa = PBXFrameworksBuildPhase;
			buildActionMask = 2147483647;
			files = (
			);
			runOnlyForDeploymentPostprocessing = 0;
		};
/* End PBXFrameworksBuildPhase section */

/* Begin PBXGroup section */
		43A6062729642728004611E3 = {
			isa = PBXGroup;
			children = (
				43A6063229642728004611E3 /* WeatherApp */,
				43A6063129642728004611E3 /* Products */,
			);
			sourceTree = "<group>";
		};
		43A6063129642728004611E3 /* Products */ = {
			isa = PBXGroup;
			children = (
				43A6063029642728004611E3 /* WeatherApp.app */,
			);
			name = Products;
			sourceTree = "<group>";
		};
		43A6063229642728004611E3 /* WeatherApp */ = {
			isa = PBXGroup;
			children = (
				43A606782964563D004611E3 /* Managers */,
				43A6066F29644A0E004611E3 /* Extension */,
				43A6064C29644475004611E3 /* Constants */,
				43A6064729642792004611E3 /* Networking */,
				43A606462964278C004611E3 /* Models */,
				43A6064529642785004611E3 /* ViewModels */,
				43A6064429642780004611E3 /* Views */,
				43A6064329642774004611E3 /* Components */,
				43A6063329642728004611E3 /* WeatherAppApp.swift */,
				43A6063529642728004611E3 /* ContentView.swift */,
				43A6063729642729004611E3 /* Assets.xcassets */,
				43A6064129642742004611E3 /* Assets.xcassets */,
				43A6063929642729004611E3 /* Preview Content */,
			);
			path = WeatherApp;
			sourceTree = "<group>";
		};
		43A6063929642729004611E3 /* Preview Content */ = {
			isa = PBXGroup;
			children = (
				43A6063A29642729004611E3 /* Preview Assets.xcassets */,
			);
			path = "Preview Content";
			sourceTree = "<group>";
		};
		43A6064329642774004611E3 /* Components */ = {
			isa = PBXGroup;
			children = (
				43A6064A29642DE8004611E3 /* SearchComponent.swift */,
			);
			path = Components;
			sourceTree = "<group>";
		};
		43A6064429642780004611E3 /* Views */ = {
			isa = PBXGroup;
			children = (
				43A60648296427A1004611E3 /* MainView.swift */,
			);
			path = Views;
			sourceTree = "<group>";
		};
		43A6064529642785004611E3 /* ViewModels */ = {
			isa = PBXGroup;
			children = (
				43A6067629644DFC004611E3 /* WeatherViewModel.swift */,
			);
			path = ViewModels;
			sourceTree = "<group>";
		};
		43A606462964278C004611E3 /* Models */ = {
			isa = PBXGroup;
			children = (
				43A6067229644AE7004611E3 /* WeatherModel.swift */,
			);
			path = Models;
			sourceTree = "<group>";
		};
		43A6064729642792004611E3 /* Networking */ = {
			isa = PBXGroup;
			children = (
				43A6067429644CB7004611E3 /* NetworkingHandler.swift */,
			);
			path = Networking;
			sourceTree = "<group>";
		};
		43A6064C29644475004611E3 /* Constants */ = {
			isa = PBXGroup;
			children = (
				43A6064D2964448C004611E3 /* UrlConstants.swift */,
			);
			path = Constants;
			sourceTree = "<group>";
		};
		43A6066F29644A0E004611E3 /* Extension */ = {
			isa = PBXGroup;
			children = (
				43A6067029644A1C004611E3 /* Extensions.swift */,
			);
			path = Extension;
			sourceTree = "<group>";
		};
		43A606782964563D004611E3 /* Managers */ = {
			isa = PBXGroup;
			children = (
				43A6067929645645004611E3 /* LocationManager.swift */,
			);
			path = Managers;
			sourceTree = "<group>";
		};
/* End PBXGroup section */

/* Begin PBXNativeTarget section */
		43A6062F29642728004611E3 /* WeatherApp */ = {
			isa = PBXNativeTarget;
			buildConfigurationList = 43A6063E29642729004611E3 /* Build configuration list for PBXNativeTarget "WeatherApp" */;
			buildPhases = (
				43A6062C29642728004611E3 /* Sources */,
				43A6062D29642728004611E3 /* Frameworks */,
				43A6062E29642728004611E3 /* Resources */,
			);
			buildRules = (
			);
			dependencies = (
			);
			name = WeatherApp;
			productName = WeatherApp;
			productReference = 43A6063029642728004611E3 /* WeatherApp.app */;
			productType = "com.apple.product-type.application";
		};
/* End PBXNativeTarget section */

/* Begin PBXProject section */
		43A6062829642728004611E3 /* Project object */ = {
			isa = PBXProject;
			attributes = {
				BuildIndependentTargetsInParallel = 1;
				LastSwiftUpdateCheck = 1410;
				LastUpgradeCheck = 1410;
				TargetAttributes = {
					43A6062F29642728004611E3 = {
						CreatedOnToolsVersion = 14.1;
					};
				};
			};
			buildConfigurationList = 43A6062B29642728004611E3 /* Build configuration list for PBXProject "WeatherApp" */;
			compatibilityVersion = "Xcode 14.0";
			developmentRegion = en;
			hasScannedForEncodings = 0;
			knownRegions = (
				en,
				Base,
			);
			mainGroup = 43A6062729642728004611E3;
			productRefGroup = 43A6063129642728004611E3 /* Products */;
			projectDirPath = "";
			projectRoot = "";
			targets = (
				43A6062F29642728004611E3 /* WeatherApp */,
			);
		};
/* End PBXProject section */

/* Begin PBXResourcesBuildPhase section */
		43A6062E29642728004611E3 /* Resources */ = {
			isa = PBXResourcesBuildPhase;
			buildActionMask = 2147483647;
			files = (
				43A6063B29642729004611E3 /* Preview Assets.xcassets in Resources */,
				43A6064229642742004611E3 /* Assets.xcassets in Resources */,
				43A6063829642729004611E3 /* Assets.xcassets in Resources */,
			);
			runOnlyForDeploymentPostprocessing = 0;
		};
/* End PBXResourcesBuildPhase section */

/* Begin PBXSourcesBuildPhase section */
		43A6062C29642728004611E3 /* Sources */ = {
			isa = PBXSourcesBuildPhase;
			buildActionMask = 2147483647;
			files = (
				43A6067529644CB7004611E3 /* NetworkingHandler.swift in Sources */,
				43A6067729644DFC004611E3 /* WeatherViewModel.swift in Sources */,
				43A6067A29645645004611E3 /* LocationManager.swift in Sources */,
				43A6063629642728004611E3 /* ContentView.swift in Sources */,
				43A6067129644A1C004611E3 /* Extensions.swift in Sources */,
				43A6064B29642DE8004611E3 /* SearchComponent.swift in Sources */,
				43A6067329644AE7004611E3 /* WeatherModel.swift in Sources */,
				43A6064E2964448C004611E3 /* UrlConstants.swift in Sources */,
				43A60649296427A1004611E3 /* MainView.swift in Sources */,
				43A6063429642728004611E3 /* WeatherAppApp.swift in Sources */,
			);
			runOnlyForDeploymentPostprocessing = 0;
		};
/* End PBXSourcesBuildPhase section */

/* Begin XCBuildConfiguration section */
		43A6063C29642729004611E3 /* Debug */ = {
			isa = XCBuildConfiguration;
			buildSettings = {
				ALWAYS_SEARCH_USER_PATHS = NO;
				CLANG_ANALYZER_NONNULL = YES;
				CLANG_ANALYZER_NUMBER_OBJECT_CONVERSION = YES_AGGRESSIVE;
				CLANG_CXX_LANGUAGE_STANDARD = "gnu++20";
				CLANG_ENABLE_MODULES = YES;
				CLANG_ENABLE_OBJC_ARC = YES;
				CLANG_ENABLE_OBJC_WEAK = YES;
				CLANG_WARN_BLOCK_CAPTURE_AUTORELEASING = YES;
				CLANG_WARN_BOOL_CONVERSION = YES;
				CLANG_WARN_COMMA = YES;
				CLANG_WARN_CONSTANT_CONVERSION = YES;
				CLANG_WARN_DEPRECATED_OBJC_IMPLEMENTATIONS = YES;
				CLANG_WARN_DIRECT_OBJC_ISA_USAGE = YES_ERROR;
				CLANG_WARN_DOCUMENTATION_COMMENTS = YES;
				CLANG_WARN_EMPTY_BODY = YES;
				CLANG_WARN_ENUM_CONVERSION = YES;
				CLANG_WARN_INFINITE_RECURSION = YES;
				CLANG_WARN_INT_CONVERSION = YES;
				CLANG_WARN_NON_LITERAL_NULL_CONVERSION = YES;
				CLANG_WARN_OBJC_IMPLICIT_RETAIN_SELF = YES;
				CLANG_WARN_OBJC_LITERAL_CONVERSION = YES;
				CLANG_WARN_OBJC_ROOT_CLASS = YES_ERROR;
				CLANG_WARN_QUOTED_INCLUDE_IN_FRAMEWORK_HEADER = YES;
				CLANG_WARN_RANGE_LOOP_ANALYSIS = YES;
				CLANG_WARN_STRICT_PROTOTYPES = YES;
				CLANG_WARN_SUSPICIOUS_MOVE = YES;
				CLANG_WARN_UNGUARDED_AVAILABILITY = YES_AGGRESSIVE;
				CLANG_WARN_UNREACHABLE_CODE = YES;
				CLANG_WARN__DUPLICATE_METHOD_MATCH = YES;
				COPY_PHASE_STRIP = NO;
				DEBUG_INFORMATION_FORMAT = dwarf;
				ENABLE_STRICT_OBJC_MSGSEND = YES;
				ENABLE_TESTABILITY = YES;
				GCC_C_LANGUAGE_STANDARD = gnu11;
				GCC_DYNAMIC_NO_PIC = NO;
				GCC_NO_COMMON_BLOCKS = YES;
				GCC_OPTIMIZATION_LEVEL = 0;
				GCC_PREPROCESSOR_DEFINITIONS = (
					"DEBUG=1",
					"$(inherited)",
				);
				GCC_WARN_64_TO_32_BIT_CONVERSION = YES;
				GCC_WARN_ABOUT_RETURN_TYPE = YES_ERROR;
				GCC_WARN_UNDECLARED_SELECTOR = YES;
				GCC_WARN_UNINITIALIZED_AUTOS = YES_AGGRESSIVE;
				GCC_WARN_UNUSED_FUNCTION = YES;
				GCC_WARN_UNUSED_VARIABLE = YES;
				IPHONEOS_DEPLOYMENT_TARGET = 16.1;
				MTL_ENABLE_DEBUG_INFO = INCLUDE_SOURCE;
				MTL_FAST_MATH = YES;
				ONLY_ACTIVE_ARCH = YES;
				SDKROOT = iphoneos;
				SWIFT_ACTIVE_COMPILATION_CONDITIONS = DEBUG;
				SWIFT_OPTIMIZATION_LEVEL = "-Onone";
			};
			name = Debug;
		};
		43A6063D29642729004611E3 /* Release */ = {
			isa = XCBuildConfiguration;
			buildSettings = {
				ALWAYS_SEARCH_USER_PATHS = NO;
				CLANG_ANALYZER_NONNULL = YES;
				CLANG_ANALYZER_NUMBER_OBJECT_CONVERSION = YES_AGGRESSIVE;
				CLANG_CXX_LANGUAGE_STANDARD = "gnu++20";
				CLANG_ENABLE_MODULES = YES;
				CLANG_ENABLE_OBJC_ARC = YES;
				CLANG_ENABLE_OBJC_WEAK = YES;
				CLANG_WARN_BLOCK_CAPTURE_AUTORELEASING = YES;
				CLANG_WARN_BOOL_CONVERSION = YES;
				CLANG_WARN_COMMA = YES;
				CLANG_WARN_CONSTANT_CONVERSION = YES;
				CLANG_WARN_DEPRECATED_OBJC_IMPLEMENTATIONS = YES;
				CLANG_WARN_DIRECT_OBJC_ISA_USAGE = YES_ERROR;
				CLANG_WARN_DOCUMENTATION_COMMENTS = YES;
				CLANG_WARN_EMPTY_BODY = YES;
				CLANG_WARN_ENUM_CONVERSION = YES;
				CLANG_WARN_INFINITE_RECURSION = YES;
				CLANG_WARN_INT_CONVERSION = YES;
				CLANG_WARN_NON_LITERAL_NULL_CONVERSION = YES;
				CLANG_WARN_OBJC_IMPLICIT_RETAIN_SELF = YES;
				CLANG_WARN_OBJC_LITERAL_CONVERSION = YES;
				CLANG_WARN_OBJC_ROOT_CLASS = YES_ERROR;
				CLANG_WARN_QUOTED_INCLUDE_IN_FRAMEWORK_HEADER = YES;
				CLANG_WARN_RANGE_LOOP_ANALYSIS = YES;
				CLANG_WARN_STRICT_PROTOTYPES = YES;
				CLANG_WARN_SUSPICIOUS_MOVE = YES;
				CLANG_WARN_UNGUARDED_AVAILABILITY = YES_AGGRESSIVE;
				CLANG_WARN_UNREACHABLE_CODE = YES;
				CLANG_WARN__DUPLICATE_METHOD_MATCH = YES;
				COPY_PHASE_STRIP = NO;
				DEBUG_INFORMATION_FORMAT = "dwarf-with-dsym";
				ENABLE_NS_ASSERTIONS = NO;
				ENABLE_STRICT_OBJC_MSGSEND = YES;
				GCC_C_LANGUAGE_STANDARD = gnu11;
				GCC_NO_COMMON_BLOCKS = YES;
				GCC_WARN_64_TO_32_BIT_CONVERSION = YES;
				GCC_WARN_ABOUT_RETURN_TYPE = YES_ERROR;
				GCC_WARN_UNDECLARED_SELECTOR = YES;
				GCC_WARN_UNINITIALIZED_AUTOS = YES_AGGRESSIVE;
				GCC_WARN_UNUSED_FUNCTION = YES;
				GCC_WARN_UNUSED_VARIABLE = YES;
				IPHONEOS_DEPLOYMENT_TARGET = 16.1;
				MTL_ENABLE_DEBUG_INFO = NO;
				MTL_FAST_MATH = YES;
				SDKROOT = iphoneos;
				SWIFT_COMPILATION_MODE = wholemodule;
				SWIFT_OPTIMIZATION_LEVEL = "-O";
				VALIDATE_PRODUCT = YES;
			};
			name = Release;
		};
		43A6063F29642729004611E3 /* Debug */ = {
			isa = XCBuildConfiguration;
			buildSettings = {
				ASSETCATALOG_COMPILER_APPICON_NAME = AppIcon;
				ASSETCATALOG_COMPILER_GLOBAL_ACCENT_COLOR_NAME = AccentColor;
				CODE_SIGN_STYLE = Automatic;
				CURRENT_PROJECT_VERSION = 1;
				DEVELOPMENT_ASSET_PATHS = "\"WeatherApp/Preview Content\"";
				DEVELOPMENT_TEAM = 72D493546K;
				ENABLE_PREVIEWS = YES;
				GENERATE_INFOPLIST_FILE = YES;
				INFOPLIST_KEY_UIApplicationSceneManifest_Generation = YES;
				INFOPLIST_KEY_UIApplicationSupportsIndirectInputEvents = YES;
				INFOPLIST_KEY_UILaunchScreen_Generation = YES;
				INFOPLIST_KEY_UISupportedInterfaceOrientations_iPad = "UIInterfaceOrientationPortrait UIInterfaceOrientationPortraitUpsideDown UIInterfaceOrientationLandscapeLeft UIInterfaceOrientationLandscapeRight";
				INFOPLIST_KEY_UISupportedInterfaceOrientations_iPhone = "UIInterfaceOrientationPortrait UIInterfaceOrientationLandscapeLeft UIInterfaceOrientationLandscapeRight";
				LD_RUNPATH_SEARCH_PATHS = (
					"$(inherited)",
					"@executable_path/Frameworks",
				);
				MARKETING_VERSION = 1.0;
				PRODUCT_BUNDLE_IDENTIFIER = com.pyrolass.WeatherApp;
				PRODUCT_NAME = "$(TARGET_NAME)";
				SWIFT_EMIT_LOC_STRINGS = YES;
				SWIFT_VERSION = 5.0;
				TARGETED_DEVICE_FAMILY = "1,2";
			};
			name = Debug;
		};
		43A6064029642729004611E3 /* Release */ = {
			isa = XCBuildConfiguration;
			buildSettings = {
				ASSETCATALOG_COMPILER_APPICON_NAME = AppIcon;
				ASSETCATALOG_COMPILER_GLOBAL_ACCENT_COLOR_NAME = AccentColor;
				CODE_SIGN_STYLE = Automatic;
				CURRENT_PROJECT_VERSION = 1;
				DEVELOPMENT_ASSET_PATHS = "\"WeatherApp/Preview Content\"";
				DEVELOPMENT_TEAM = 72D493546K;
				ENABLE_PREVIEWS = YES;
				GENERATE_INFOPLIST_FILE = YES;
				INFOPLIST_KEY_UIApplicationSceneManifest_Generation = YES;
				INFOPLIST_KEY_UIApplicationSupportsIndirectInputEvents = YES;
				INFOPLIST_KEY_UILaunchScreen_Generation = YES;
				INFOPLIST_KEY_UISupportedInterfaceOrientations_iPad = "UIInterfaceOrientationPortrait UIInterfaceOrientationPortraitUpsideDown UIInterfaceOrientationLandscapeLeft UIInterfaceOrientationLandscapeRight";
				INFOPLIST_KEY_UISupportedInterfaceOrientations_iPhone = "UIInterfaceOrientationPortrait UIInterfaceOrientationLandscapeLeft UIInterfaceOrientationLandscapeRight";
				LD_RUNPATH_SEARCH_PATHS = (
					"$(inherited)",
					"@executable_path/Frameworks",
				);
				MARKETING_VERSION = 1.0;
				PRODUCT_BUNDLE_IDENTIFIER = com.pyrolass.WeatherApp;
				PRODUCT_NAME = "$(TARGET_NAME)";
				SWIFT_EMIT_LOC_STRINGS = YES;
				SWIFT_VERSION = 5.0;
				TARGETED_DEVICE_FAMILY = "1,2";
			};
			name = Release;
		};
/* End XCBuildConfiguration section */

/* Begin XCConfigurationList section */
		43A6062B29642728004611E3 /* Build configuration list for PBXProject "WeatherApp" */ = {
			isa = XCConfigurationList;
			buildConfigurations = (
				43A6063C29642729004611E3 /* Debug */,
				43A6063D29642729004611E3 /* Release */,
			);
			defaultConfigurationIsVisible = 0;
			defaultConfigurationName = Release;
		};
		43A6063E29642729004611E3 /* Build configuration list for PBXNativeTarget "WeatherApp" */ = {
			isa = XCConfigurationList;
			buildConfigurations = (
				43A6063F29642729004611E3 /* Debug */,
				43A6064029642729004611E3 /* Release */,
			);
			defaultConfigurationIsVisible = 0;
			defaultConfigurationName = Release;
		};
/* End XCConfigurationList section */
	};
	rootObject = 43A6062829642728004611E3 /* Project object */;
}
